
Microsoft Visual Studio Solution File, Format Version 12.00
# Visual Studio Version 17
VisualStudioVersion = 17.9.34728.123
MinimumVisualStudioVersion = 10.0.40219.1
Project("{FAE04EC0-301F-11D3-BF4B-00C04F79EFBC}") = "ListaProducts", "ListaProducts\ListaProducts.csproj", "{5F861071-4ED5-41E5-AD03-2472CD70071C}"
EndProject
Global
	GlobalSection(SolutionConfigurationPlatforms) = preSolution
		Debug|Any CPU = Debug|Any CPU
		Release|Any CPU = Release|Any CPU
	EndGlobalSection
	GlobalSection(ProjectConfigurationPlatforms) = postSolution
		{5F861071-4ED5-41E5-AD03-2472CD70071C}.Debug|Any CPU.ActiveCfg = Debug|Any CPU
		{5F861071-4ED5-41E5-AD03-2472CD70071C}.Debug|Any CPU.Build.0 = Debug|Any CPU
		{5F861071-4ED5-41E5-AD03-2472CD70071C}.Release|Any CPU.ActiveCfg = Release|Any CPU
		{5F861071-4ED5-41E5-AD03-2472CD70071C}.Release|Any CPU.Build.0 = Release|Any CPU
	EndGlobalSection
	GlobalSection(SolutionProperties) = preSolution
		HideSolutionNode = FALSE
	EndGlobalSection
	GlobalSection(ExtensibilityGlobals) = postSolution
		SolutionGuid = {6167986C-B4E4-495D-9CF1-0CEE16045328}
	EndGlobalSection
EndGlobal
